
Microsoft Visual Studio Solution File, Format Version 11.00
# Visual Studio 2010
Project("{8BC9CEB8-8B4A-11D0-8D11-00A0C91BC942}") = "实验二三角形", "实验二三角形\实验二三角形.vcxproj", "{AF3FA073-7BBE-4F55-919D-8E599753182B}"
EndProject
Global
	GlobalSection(SolutionConfigurationPlatforms) = preSolution
		Debug|Win32 = Debug|Win32
		Release|Win32 = Release|Win32
	EndGlobalSection
	GlobalSection(ProjectConfigurationPlatforms) = postSolution
		{AF3FA073-7BBE-4F55-919D-8E599753182B}.Debug|Win32.ActiveCfg = Debug|Win32
		{AF3FA073-7BBE-4F55-919D-8E599753182B}.Debug|Win32.Build.0 = Debug|Win32
		{AF3FA073-7BBE-4F55-919D-8E599753182B}.Release|Win32.ActiveCfg = Release|Win32
		{AF3FA073-7BBE-4F55-919D-8E599753182B}.Release|Win32.Build.0 = Release|Win32
	EndGlobalSection
	GlobalSection(SolutionProperties) = preSolution
		HideSolutionNode = FALSE
	EndGlobalSection
EndGlobal
